
Microsoft Visual Studio Solution File, Format Version 12.00
# Visual Studio Version 16
VisualStudioVersion = 16.0.30621.155
MinimumVisualStudioVersion = 10.0.40219.1
Project("{9A19103F-16F7-4668-BE54-9A1E7A4F7556}") = "ElectronicShop.WebApi", "ElectronicShop.WebApi\ElectronicShop.WebApi.csproj", "{2CA8718B-0AC3-4EA7-B446-ABD155799281}"
EndProject
Project("{9A19103F-16F7-4668-BE54-9A1E7A4F7556}") = "ElectronicShop.Utilities", "ElectronicShop.Utilities\ElectronicShop.Utilities.csproj", "{616204DD-7A68-4264-A913-67D298B38308}"
EndProject
Project("{9A19103F-16F7-4668-BE54-9A1E7A4F7556}") = "ElectronicShop.Application", "ElectronicShop.Application\ElectronicShop.Application.csproj", "{3E9B1851-3A50-4715-B029-2041A0F3F74F}"
EndProject
Project("{9A19103F-16F7-4668-BE54-9A1E7A4F7556}") = "ElectronicShop.Infrastructure", "ElectronicShop.Infrastructure\ElectronicShop.Infrastructure.csproj", "{5D4A355F-7BE3-4FFA-A68A-32A51BB8CDBD}"
EndProject
Project("{9A19103F-16F7-4668-BE54-9A1E7A4F7556}") = "ElectronicShop.Data", "ElectronicShop.Data\ElectronicShop.Data.csproj", "{7BB9A7B6-7066-42C5-AD5A-C3F537EE06AF}"
EndProject
Global
	GlobalSection(SolutionConfigurationPlatforms) = preSolution
		Debug|Any CPU = Debug|Any CPU
		Release|Any CPU = Release|Any CPU
	EndGlobalSection
	GlobalSection(ProjectConfigurationPlatforms) = postSolution
		{2CA8718B-0AC3-4EA7-B446-ABD155799281}.Debug|Any CPU.ActiveCfg = Debug|Any CPU
		{2CA8718B-0AC3-4EA7-B446-ABD155799281}.Debug|Any CPU.Build.0 = Debug|Any CPU
		{2CA8718B-0AC3-4EA7-B446-ABD155799281}.Release|Any CPU.ActiveCfg = Release|Any CPU
		{2CA8718B-0AC3-4EA7-B446-ABD155799281}.Release|Any CPU.Build.0 = Release|Any CPU
		{616204DD-7A68-4264-A913-67D298B38308}.Debug|Any CPU.ActiveCfg = Debug|Any CPU
		{616204DD-7A68-4264-A913-67D298B38308}.Debug|Any CPU.Build.0 = Debug|Any CPU
		{616204DD-7A68-4264-A913-67D298B38308}.Release|Any CPU.ActiveCfg = Release|Any CPU
		{616204DD-7A68-4264-A913-67D298B38308}.Release|Any CPU.Build.0 = Release|Any CPU
		{3E9B1851-3A50-4715-B029-2041A0F3F74F}.Debug|Any CPU.ActiveCfg = Debug|Any CPU
		{3E9B1851-3A50-4715-B029-2041A0F3F74F}.Debug|Any CPU.Build.0 = Debug|Any CPU
		{3E9B1851-3A50-4715-B029-2041A0F3F74F}.Release|Any CPU.ActiveCfg = Release|Any CPU
		{3E9B1851-3A50-4715-B029-2041A0F3F74F}.Release|Any CPU.Build.0 = Release|Any CPU
		{5D4A355F-7BE3-4FFA-A68A-32A51BB8CDBD}.Debug|Any CPU.ActiveCfg = Debug|Any CPU
		{5D4A355F-7BE3-4FFA-A68A-32A51BB8CDBD}.Debug|Any CPU.Build.0 = Debug|Any CPU
		{5D4A355F-7BE3-4FFA-A68A-32A51BB8CDBD}.Release|Any CPU.ActiveCfg = Release|Any CPU
		{5D4A355F-7BE3-4FFA-A68A-32A51BB8CDBD}.Release|Any CPU.Build.0 = Release|Any CPU
		{7BB9A7B6-7066-42C5-AD5A-C3F537EE06AF}.Debug|Any CPU.ActiveCfg = Debug|Any CPU
		{7BB9A7B6-7066-42C5-AD5A-C3F537EE06AF}.Debug|Any CPU.Build.0 = Debug|Any CPU
		{7BB9A7B6-7066-42C5-AD5A-C3F537EE06AF}.Release|Any CPU.ActiveCfg = Release|Any CPU
		{7BB9A7B6-7066-42C5-AD5A-C3F537EE06AF}.Release|Any CPU.Build.0 = Release|Any CPU
	EndGlobalSection
	GlobalSection(SolutionProperties) = preSolution
		HideSolutionNode = FALSE
	EndGlobalSection
	GlobalSection(ExtensibilityGlobals) = postSolution
		SolutionGuid = {3129A58F-1670-4D5B-8E0A-F0E2B74E0B23}
	EndGlobalSection
EndGlobal
